
Microsoft Visual Studio Solution File, Format Version 12.00
# Visual Studio Version 17
VisualStudioVersion = 17.8.34309.116
MinimumVisualStudioVersion = 10.0.40219.1
Project("{2150E333-8FDC-42A3-9474-1A3956D46DE8}") = "tests", "tests", "{88F910B1-B108-4842-8C00-33D28D62DF63}"
EndProject
Project("{9A19103F-16F7-4668-BE54-9A1E7A4F7556}") = "Serilog.Sinks.Loki", "src\Serilog.Sinks.Loki\Serilog.Sinks.Loki.csproj", "{BD995D68-B049-410D-9A42-3F838BE5F634}"
EndProject
Project("{9A19103F-16F7-4668-BE54-9A1E7A4F7556}") = "Serilog.Sinks.Loki.Tests", "tests\Serilog.Sinks.Loki.Tests\Serilog.Sinks.Loki.Tests.csproj", "{FCBEA524-FAE6-4730-AD6B-72BE7B44C1F6}"
EndProject
Project("{9A19103F-16F7-4668-BE54-9A1E7A4F7556}") = "Serilog.Sinks.Loki.Benchmark", "tests\Serilog.Sinks.Loki.Benchmark\Serilog.Sinks.Loki.Benchmark.csproj", "{5B3E4A21-DA31-40FB-AF22-EDD04EADD7A3}"
EndProject
Project("{2150E333-8FDC-42A3-9474-1A3956D46DE8}") = "misc", "misc", "{9F2FCAE3-415C-4C4A-86F6-DCB328C0B089}"
	ProjectSection(SolutionItems) = preProject
		Directory.Build.props = Directory.Build.props
		LICENSE.txt = LICENSE.txt
		README.md = README.md
		.github\workflows\test.yml = .github\workflows\test.yml
	EndProjectSection
EndProject
Project("{FAE04EC0-301F-11D3-BF4B-00C04F79EFBC}") = "SettingsConfigurations", "samples\SettingsConfigurations\SettingsConfigurations.csproj", "{83031237-A580-477E-B7F4-CCEFD1A6B3A2}"
EndProject
Project("{2150E333-8FDC-42A3-9474-1A3956D46DE8}") = "samples", "samples", "{2345A285-28C6-4A37-8745-225AF8E9CF77}"
EndProject
Project("{FAE04EC0-301F-11D3-BF4B-00C04F79EFBC}") = "Serilog.Sinks.Loki.Benchmark.TestHost", "tests\Serilog.Sinks.Loki.Benchmark.TestHost\Serilog.Sinks.Loki.Benchmark.TestHost.csproj", "{DA948CC4-CCD4-4490-93A4-F3B2F99BB617}"
EndProject
Global
	GlobalSection(SolutionConfigurationPlatforms) = preSolution
		Debug|Any CPU = Debug|Any CPU
		Release|Any CPU = Release|Any CPU
	EndGlobalSection
	GlobalSection(ProjectConfigurationPlatforms) = postSolution
		{BD995D68-B049-410D-9A42-3F838BE5F634}.Debug|Any CPU.ActiveCfg = Debug|Any CPU
		{BD995D68-B049-410D-9A42-3F838BE5F634}.Debug|Any CPU.Build.0 = Debug|Any CPU
		{BD995D68-B049-410D-9A42-3F838BE5F634}.Release|Any CPU.ActiveCfg = Release|Any CPU
		{BD995D68-B049-410D-9A42-3F838BE5F634}.Release|Any CPU.Build.0 = Release|Any CPU
		{FCBEA524-FAE6-4730-AD6B-72BE7B44C1F6}.Debug|Any CPU.ActiveCfg = Debug|Any CPU
		{FCBEA524-FAE6-4730-AD6B-72BE7B44C1F6}.Debug|Any CPU.Build.0 = Debug|Any CPU
		{FCBEA524-FAE6-4730-AD6B-72BE7B44C1F6}.Release|Any CPU.ActiveCfg = Release|Any CPU
		{FCBEA524-FAE6-4730-AD6B-72BE7B44C1F6}.Release|Any CPU.Build.0 = Release|Any CPU
		{5B3E4A21-DA31-40FB-AF22-EDD04EADD7A3}.Debug|Any CPU.ActiveCfg = Debug|Any CPU
		{5B3E4A21-DA31-40FB-AF22-EDD04EADD7A3}.Debug|Any CPU.Build.0 = Debug|Any CPU
		{5B3E4A21-DA31-40FB-AF22-EDD04EADD7A3}.Release|Any CPU.ActiveCfg = Release|Any CPU
		{5B3E4A21-DA31-40FB-AF22-EDD04EADD7A3}.Release|Any CPU.Build.0 = Release|Any CPU
		{83031237-A580-477E-B7F4-CCEFD1A6B3A2}.Debug|Any CPU.ActiveCfg = Debug|Any CPU
		{83031237-A580-477E-B7F4-CCEFD1A6B3A2}.Debug|Any CPU.Build.0 = Debug|Any CPU
		{83031237-A580-477E-B7F4-CCEFD1A6B3A2}.Release|Any CPU.ActiveCfg = Release|Any CPU
		{83031237-A580-477E-B7F4-CCEFD1A6B3A2}.Release|Any CPU.Build.0 = Release|Any CPU
		{DA948CC4-CCD4-4490-93A4-F3B2F99BB617}.Debug|Any CPU.ActiveCfg = Debug|Any CPU
		{DA948CC4-CCD4-4490-93A4-F3B2F99BB617}.Debug|Any CPU.Build.0 = Debug|Any CPU
		{DA948CC4-CCD4-4490-93A4-F3B2F99BB617}.Release|Any CPU.ActiveCfg = Release|Any CPU
		{DA948CC4-CCD4-4490-93A4-F3B2F99BB617}.Release|Any CPU.Build.0 = Release|Any CPU
	EndGlobalSection
	GlobalSection(SolutionProperties) = preSolution
		HideSolutionNode = FALSE
	EndGlobalSection
	GlobalSection(NestedProjects) = preSolution
		{FCBEA524-FAE6-4730-AD6B-72BE7B44C1F6} = {88F910B1-B108-4842-8C00-33D28D62DF63}
		{5B3E4A21-DA31-40FB-AF22-EDD04EADD7A3} = {88F910B1-B108-4842-8C00-33D28D62DF63}
		{83031237-A580-477E-B7F4-CCEFD1A6B3A2} = {2345A285-28C6-4A37-8745-225AF8E9CF77}
		{DA948CC4-CCD4-4490-93A4-F3B2F99BB617} = {88F910B1-B108-4842-8C00-33D28D62DF63}
	EndGlobalSection
	GlobalSection(ExtensibilityGlobals) = postSolution
		SolutionGuid = {ABAA45AA-6659-40C6-A56C-0D88FE12DA73}
	EndGlobalSection
EndGlobal
